// !$*UTF8*$!
{
	archiveVersion = 1;
	classes = {
	};
	objectVersion = 46;
	objects = {

/* Begin PBXBuildFile section */
		7D46DEF21E78340F00119E7E /* Info.plist in Resources */ = {isa = PBXBuildFile; fileRef = 7D46DEF11E78340F00119E7E /* Info.plist */; };
		7D804AA01E6EC19B004B945C /* GoogleService-Info.plist in Resources */ = {isa = PBXBuildFile; fileRef = 7D804A9F1E6EC19B004B945C /* GoogleService-Info.plist */; };
		B27EEBE61C4E35798082BFE2 /* Pods_GoApe_ro.framework in Frameworks */ = {isa = PBXBuildFile; fileRef = 444E4E63DFCB762891347DDF /* Pods_GoApe_ro.framework */; };
		C3E98552A411144B4FEFBB33 /* Pods_GoApe_roTests.framework in Frameworks */ = {isa = PBXBuildFile; fileRef = 88B7AFCDFDB48481CAF6330B /* Pods_GoApe_roTests.framework */; };
		D9A898281E3AB24D00EB03AF /* AppDelegate.swift in Sources */ = {isa = PBXBuildFile; fileRef = D9BE05501E12823C00BF44DC /* AppDelegate.swift */; };
		D9A898291E3AB24F00EB03AF /* AppDelegate.swift in Sources */ = {isa = PBXBuildFile; fileRef = D9BE05501E12823C00BF44DC /* AppDelegate.swift */; };
		D9A8982A1E3AB25000EB03AF /* AppDelegate.swift in Sources */ = {isa = PBXBuildFile; fileRef = D9BE05501E12823C00BF44DC /* AppDelegate.swift */; };
		D9BE05531E12823C00BF44DC /* ViewController.swift in Sources */ = {isa = PBXBuildFile; fileRef = D9BE05521E12823C00BF44DC /* ViewController.swift */; };
		D9BE05561E12823C00BF44DC /* Main.storyboard in Resources */ = {isa = PBXBuildFile; fileRef = D9BE05541E12823C00BF44DC /* Main.storyboard */; };
		D9BE05581E12823C00BF44DC /* Assets.xcassets in Resources */ = {isa = PBXBuildFile; fileRef = D9BE05571E12823C00BF44DC /* Assets.xcassets */; };
		D9BE055B1E12823C00BF44DC /* LaunchScreen.storyboard in Resources */ = {isa = PBXBuildFile; fileRef = D9BE05591E12823C00BF44DC /* LaunchScreen.storyboard */; };
		D9BE05661E12823C00BF44DC /* GoApe_roTests.swift in Sources */ = {isa = PBXBuildFile; fileRef = D9BE05651E12823C00BF44DC /* GoApe_roTests.swift */; };
		D9BE05711E12823C00BF44DC /* GoApe_roUITests.swift in Sources */ = {isa = PBXBuildFile; fileRef = D9BE05701E12823C00BF44DC /* GoApe_roUITests.swift */; };
		EA6EB25B5DFD0ECFA7A80EE1 /* Pods_GoApe_roUITests.framework in Frameworks */ = {isa = PBXBuildFile; fileRef = C76B3AA600964E6423F65D21 /* Pods_GoApe_roUITests.framework */; };
/* End PBXBuildFile section */

/* Begin PBXContainerItemProxy section */
		D9BE05621E12823C00BF44DC /* PBXContainerItemProxy */ = {
			isa = PBXContainerItemProxy;
			containerPortal = D9BE05451E12823C00BF44DC /* Project object */;
			proxyType = 1;
			remoteGlobalIDString = D9BE054C1E12823C00BF44DC;
			remoteInfo = "GoApéro";
		};
		D9BE056D1E12823C00BF44DC /* PBXContainerItemProxy */ = {
			isa = PBXContainerItemProxy;
			containerPortal = D9BE05451E12823C00BF44DC /* Project object */;
			proxyType = 1;
			remoteGlobalIDString = D9BE054C1E12823C00BF44DC;
			remoteInfo = "GoApéro";
		};
/* End PBXContainerItemProxy section */

/* Begin PBXFileReference section */
		2468336B4499537C1D40D3B3 /* Pods-GoApéroUITests.debug.xcconfig */ = {isa = PBXFileReference; includeInIndex = 1; lastKnownFileType = text.xcconfig; name = "Pods-GoApéroUITests.debug.xcconfig"; path = "Pods/Target Support Files/Pods-GoApéroUITests/Pods-GoApéroUITests.debug.xcconfig"; sourceTree = "<group>"; };
		29B7226E30D8EF1E9247D77D /* Pods-GoApéroTests.release.xcconfig */ = {isa = PBXFileReference; includeInIndex = 1; lastKnownFileType = text.xcconfig; name = "Pods-GoApéroTests.release.xcconfig"; path = "Pods/Target Support Files/Pods-GoApéroTests/Pods-GoApéroTests.release.xcconfig"; sourceTree = "<group>"; };
		2EFFF7EE1C4C17DF6B8A0BDF /* Pods-GoApéro.release.xcconfig */ = {isa = PBXFileReference; includeInIndex = 1; lastKnownFileType = text.xcconfig; name = "Pods-GoApéro.release.xcconfig"; path = "Pods/Target Support Files/Pods-GoApéro/Pods-GoApéro.release.xcconfig"; sourceTree = "<group>"; };
		444E4E63DFCB762891347DDF /* Pods_GoApe_ro.framework */ = {isa = PBXFileReference; explicitFileType = wrapper.framework; includeInIndex = 0; path = Pods_GoApe_ro.framework; sourceTree = BUILT_PRODUCTS_DIR; };
		51C7D92AECDDE58DC69AA414 /* Pods-GoApéro.debug.xcconfig */ = {isa = PBXFileReference; includeInIndex = 1; lastKnownFileType = text.xcconfig; name = "Pods-GoApéro.debug.xcconfig"; path = "Pods/Target Support Files/Pods-GoApéro/Pods-GoApéro.debug.xcconfig"; sourceTree = "<group>"; };
		555334298B68DB109B663E26 /* Pods-GoApéroTests.debug.xcconfig */ = {isa = PBXFileReference; includeInIndex = 1; lastKnownFileType = text.xcconfig; name = "Pods-GoApéroTests.debug.xcconfig"; path = "Pods/Target Support Files/Pods-GoApéroTests/Pods-GoApéroTests.debug.xcconfig"; sourceTree = "<group>"; };
		7D46DEF11E78340F00119E7E /* Info.plist */ = {isa = PBXFileReference; fileEncoding = 4; lastKnownFileType = text.plist.xml; name = Info.plist; path = "../../GoApero-mams-nonOp/GoApéro/Info.plist"; sourceTree = "<group>"; };
		7D804A9F1E6EC19B004B945C /* GoogleService-Info.plist */ = {isa = PBXFileReference; fileEncoding = 4; lastKnownFileType = text.plist.xml; path = "GoogleService-Info.plist"; sourceTree = SOURCE_ROOT; };
		88B7AFCDFDB48481CAF6330B /* Pods_GoApe_roTests.framework */ = {isa = PBXFileReference; explicitFileType = wrapper.framework; includeInIndex = 0; path = Pods_GoApe_roTests.framework; sourceTree = BUILT_PRODUCTS_DIR; };
		C76B3AA600964E6423F65D21 /* Pods_GoApe_roUITests.framework */ = {isa = PBXFileReference; explicitFileType = wrapper.framework; includeInIndex = 0; path = Pods_GoApe_roUITests.framework; sourceTree = BUILT_PRODUCTS_DIR; };
		D9BE054D1E12823C00BF44DC /* GoApéro.app */ = {isa = PBXFileReference; explicitFileType = wrapper.application; includeInIndex = 0; path = "GoApéro.app"; sourceTree = BUILT_PRODUCTS_DIR; };
		D9BE05501E12823C00BF44DC /* AppDelegate.swift */ = {isa = PBXFileReference; lastKnownFileType = sourcecode.swift; path = AppDelegate.swift; sourceTree = "<group>"; };
		D9BE05521E12823C00BF44DC /* ViewController.swift */ = {isa = PBXFileReference; lastKnownFileType = sourcecode.swift; path = ViewController.swift; sourceTree = "<group>"; };
		D9BE05551E12823C00BF44DC /* Base */ = {isa = PBXFileReference; lastKnownFileType = file.storyboard; name = Base; path = Base.lproj/Main.storyboard; sourceTree = "<group>"; };
		D9BE05571E12823C00BF44DC /* Assets.xcassets */ = {isa = PBXFileReference; lastKnownFileType = folder.assetcatalog; path = Assets.xcassets; sourceTree = "<group>"; };
		D9BE055A1E12823C00BF44DC /* Base */ = {isa = PBXFileReference; lastKnownFileType = file.storyboard; name = Base; path = Base.lproj/LaunchScreen.storyboard; sourceTree = "<group>"; };
		D9BE05611E12823C00BF44DC /* GoApéroTests.xctest */ = {isa = PBXFileReference; explicitFileType = wrapper.cfbundle; includeInIndex = 0; path = "GoApéroTests.xctest"; sourceTree = BUILT_PRODUCTS_DIR; };
		D9BE05651E12823C00BF44DC /* GoApe_roTests.swift */ = {isa = PBXFileReference; lastKnownFileType = sourcecode.swift; path = GoApe_roTests.swift; sourceTree = "<group>"; };
		D9BE056C1E12823C00BF44DC /* GoApéroUITests.xctest */ = {isa = PBXFileReference; explicitFileType = wrapper.cfbundle; includeInIndex = 0; path = "GoApéroUITests.xctest"; sourceTree = BUILT_PRODUCTS_DIR; };
		D9BE05701E12823C00BF44DC /* GoApe_roUITests.swift */ = {isa = PBXFileReference; lastKnownFileType = sourcecode.swift; path = GoApe_roUITests.swift; sourceTree = "<group>"; };
		D9BE05721E12823C00BF44DC /* Info.plist */ = {isa = PBXFileReference; lastKnownFileType = text.plist.xml; path = Info.plist; sourceTree = "<group>"; };
		DF0CC6F1EEEFE712478610C6 /* Pods-GoApéroUITests.release.xcconfig */ = {isa = PBXFileReference; includeInIndex = 1; lastKnownFileType = text.xcconfig; name = "Pods-GoApéroUITests.release.xcconfig"; path = "Pods/Target Support Files/Pods-GoApéroUITests/Pods-GoApéroUITests.release.xcconfig"; sourceTree = "<group>"; };
/* End PBXFileReference section */

/* Begin PBXFrameworksBuildPhase section */
		D9BE054A1E12823C00BF44DC /* Frameworks */ = {
			isa = PBXFrameworksBuildPhase;
			buildActionMask = 2147483647;
			files = (
				B27EEBE61C4E35798082BFE2 /* Pods_GoApe_ro.framework in Frameworks */,
			);
			runOnlyForDeploymentPostprocessing = 0;
		};
		D9BE055E1E12823C00BF44DC /* Frameworks */ = {
			isa = PBXFrameworksBuildPhase;
			buildActionMask = 2147483647;
			files = (
				C3E98552A411144B4FEFBB33 /* Pods_GoApe_roTests.framework in Frameworks */,
			);
			runOnlyForDeploymentPostprocessing = 0;
		};
		D9BE05691E12823C00BF44DC /* Frameworks */ = {
			isa = PBXFrameworksBuildPhase;
			buildActionMask = 2147483647;
			files = (
				EA6EB25B5DFD0ECFA7A80EE1 /* Pods_GoApe_roUITests.framework in Frameworks */,
			);
			runOnlyForDeploymentPostprocessing = 0;
		};
/* End PBXFrameworksBuildPhase section */

/* Begin PBXGroup section */
		D63D35E33CCFFF999C715CDF /* Frameworks */ = {
			isa = PBXGroup;
			children = (
				444E4E63DFCB762891347DDF /* Pods_GoApe_ro.framework */,
				88B7AFCDFDB48481CAF6330B /* Pods_GoApe_roTests.framework */,
				C76B3AA600964E6423F65D21 /* Pods_GoApe_roUITests.framework */,
			);
			name = Frameworks;
			sourceTree = "<group>";
		};
		D9BE05441E12823C00BF44DC = {
			isa = PBXGroup;
			children = (
				D9BE054F1E12823C00BF44DC /* GoApéro */,
				D9BE05641E12823C00BF44DC /* GoApéroTests */,
				D9BE056F1E12823C00BF44DC /* GoApéroUITests */,
				D9BE054E1E12823C00BF44DC /* Products */,
				E7E72A948F369A2431062642 /* Pods */,
				D63D35E33CCFFF999C715CDF /* Frameworks */,
			);
			sourceTree = "<group>";
		};
		D9BE054E1E12823C00BF44DC /* Products */ = {
			isa = PBXGroup;
			children = (
				D9BE054D1E12823C00BF44DC /* GoApéro.app */,
				D9BE05611E12823C00BF44DC /* GoApéroTests.xctest */,
				D9BE056C1E12823C00BF44DC /* GoApéroUITests.xctest */,
			);
			name = Products;
			sourceTree = "<group>";
		};
		D9BE054F1E12823C00BF44DC /* GoApéro */ = {
			isa = PBXGroup;
			children = (
				7D46DEF11E78340F00119E7E /* Info.plist */,
				D9BE05501E12823C00BF44DC /* AppDelegate.swift */,
				D9BE05521E12823C00BF44DC /* ViewController.swift */,
				D9BE05541E12823C00BF44DC /* Main.storyboard */,
				D9BE05571E12823C00BF44DC /* Assets.xcassets */,
				D9BE05591E12823C00BF44DC /* LaunchScreen.storyboard */,
				7D804A9F1E6EC19B004B945C /* GoogleService-Info.plist */,
			);
			path = "GoApéro";
			sourceTree = "<group>";
		};
		D9BE05641E12823C00BF44DC /* GoApéroTests */ = {
			isa = PBXGroup;
			children = (
				D9BE05651E12823C00BF44DC /* GoApe_roTests.swift */,
			);
			path = "GoApéroTests";
			sourceTree = "<group>";
		};
		D9BE056F1E12823C00BF44DC /* GoApéroUITests */ = {
			isa = PBXGroup;
			children = (
				D9BE05701E12823C00BF44DC /* GoApe_roUITests.swift */,
				D9BE05721E12823C00BF44DC /* Info.plist */,
			);
			path = "GoApéroUITests";
			sourceTree = "<group>";
		};
		E7E72A948F369A2431062642 /* Pods */ = {
			isa = PBXGroup;
			children = (
				51C7D92AECDDE58DC69AA414 /* Pods-GoApéro.debug.xcconfig */,
				2EFFF7EE1C4C17DF6B8A0BDF /* Pods-GoApéro.release.xcconfig */,
				555334298B68DB109B663E26 /* Pods-GoApéroTests.debug.xcconfig */,
				29B7226E30D8EF1E9247D77D /* Pods-GoApéroTests.release.xcconfig */,
				2468336B4499537C1D40D3B3 /* Pods-GoApéroUITests.debug.xcconfig */,
				DF0CC6F1EEEFE712478610C6 /* Pods-GoApéroUITests.release.xcconfig */,
			);
			name = Pods;
			sourceTree = "<group>";
		};
/* End PBXGroup section */

/* Begin PBXNativeTarget section */
		D9BE054C1E12823C00BF44DC /* GoApéro */ = {
			isa = PBXNativeTarget;
			buildConfigurationList = D9BE05751E12823C00BF44DC /* Build configuration list for PBXNativeTarget "GoApéro" */;
			buildPhases = (
				283A4BD4F864426408693B9B /* [CP] Check Pods Manifest.lock */,
				D9BE05491E12823C00BF44DC /* Sources */,
				D9BE054A1E12823C00BF44DC /* Frameworks */,
				D9BE054B1E12823C00BF44DC /* Resources */,
				D3D29FBB5AAD165B0E09E5D2 /* [CP] Embed Pods Frameworks */,
				C938B9D7274B15B5FAAB606D /* [CP] Copy Pods Resources */,
				7DB5DFF91E74276000B1A449 /* ShellScript */,
			);
			buildRules = (
			);
			dependencies = (
			);
			name = "GoApéro";
			productName = "GoApéro";
			productReference = D9BE054D1E12823C00BF44DC /* GoApéro.app */;
			productType = "com.apple.product-type.application";
		};
		D9BE05601E12823C00BF44DC /* GoApéroTests */ = {
			isa = PBXNativeTarget;
			buildConfigurationList = D9BE05781E12823C00BF44DC /* Build configuration list for PBXNativeTarget "GoApéroTests" */;
			buildPhases = (
				E84F3AF5EB481BC7A80BEFDB /* [CP] Check Pods Manifest.lock */,
				D9BE055D1E12823C00BF44DC /* Sources */,
				D9BE055E1E12823C00BF44DC /* Frameworks */,
				D9BE055F1E12823C00BF44DC /* Resources */,
				827708D0DCEF16CC6BA089CB /* [CP] Embed Pods Frameworks */,
				8EA4234BB265CCF432211E30 /* [CP] Copy Pods Resources */,
			);
			buildRules = (
			);
			dependencies = (
				D9BE05631E12823C00BF44DC /* PBXTargetDependency */,
			);
			name = "GoApéroTests";
			productName = "GoApéroTests";
			productReference = D9BE05611E12823C00BF44DC /* GoApéroTests.xctest */;
			productType = "com.apple.product-type.bundle.unit-test";
		};
		D9BE056B1E12823C00BF44DC /* GoApéroUITests */ = {
			isa = PBXNativeTarget;
			buildConfigurationList = D9BE057B1E12823C00BF44DC /* Build configuration list for PBXNativeTarget "GoApéroUITests" */;
			buildPhases = (
				4FB6CF8C11413A3B62AED84A /* [CP] Check Pods Manifest.lock */,
				D9BE05681E12823C00BF44DC /* Sources */,
				D9BE05691E12823C00BF44DC /* Frameworks */,
				D9BE056A1E12823C00BF44DC /* Resources */,
				121ACD339D74458FD718C627 /* [CP] Embed Pods Frameworks */,
				B8ACE70D15879998C06CCDC7 /* [CP] Copy Pods Resources */,
			);
			buildRules = (
			);
			dependencies = (
				D9BE056E1E12823C00BF44DC /* PBXTargetDependency */,
			);
			name = "GoApéroUITests";
			productName = "GoApéroUITests";
			productReference = D9BE056C1E12823C00BF44DC /* GoApéroUITests.xctest */;
			productType = "com.apple.product-type.bundle.ui-testing";
		};
/* End PBXNativeTarget section */

/* Begin PBXProject section */
		D9BE05451E12823C00BF44DC /* Project object */ = {
			isa = PBXProject;
			attributes = {
				LastSwiftUpdateCheck = 0820;
				LastUpgradeCheck = 0820;
				ORGANIZATIONNAME = "Mehdy Bouida";
				TargetAttributes = {
					D9BE054C1E12823C00BF44DC = {
						CreatedOnToolsVersion = 8.2;
						DevelopmentTeam = TQ4QLT966J;
						ProvisioningStyle = Automatic;
					};
					D9BE05601E12823C00BF44DC = {
						CreatedOnToolsVersion = 8.2;
						ProvisioningStyle = Automatic;
						TestTargetID = D9BE054C1E12823C00BF44DC;
					};
					D9BE056B1E12823C00BF44DC = {
						CreatedOnToolsVersion = 8.2;
						ProvisioningStyle = Automatic;
						TestTargetID = D9BE054C1E12823C00BF44DC;
					};
				};
			};
			buildConfigurationList = D9BE05481E12823C00BF44DC /* Build configuration list for PBXProject "GoApéro" */;
			compatibilityVersion = "Xcode 3.2";
			developmentRegion = English;
			hasScannedForEncodings = 0;
			knownRegions = (
				en,
				Base,
			);
			mainGroup = D9BE05441E12823C00BF44DC;
			productRefGroup = D9BE054E1E12823C00BF44DC /* Products */;
			projectDirPath = "";
			projectRoot = "";
			targets = (
				D9BE054C1E12823C00BF44DC /* GoApéro */,
				D9BE05601E12823C00BF44DC /* GoApéroTests */,
				D9BE056B1E12823C00BF44DC /* GoApéroUITests */,
			);
		};
/* End PBXProject section */

/* Begin PBXResourcesBuildPhase section */
		D9BE054B1E12823C00BF44DC /* Resources */ = {
			isa = PBXResourcesBuildPhase;
			buildActionMask = 2147483647;
			files = (
				D9BE055B1E12823C00BF44DC /* LaunchScreen.storyboard in Resources */,
				7D804AA01E6EC19B004B945C /* GoogleService-Info.plist in Resources */,
				D9BE05581E12823C00BF44DC /* Assets.xcassets in Resources */,
				D9BE05561E12823C00BF44DC /* Main.storyboard in Resources */,
			);
			runOnlyForDeploymentPostprocessing = 0;
		};
		D9BE055F1E12823C00BF44DC /* Resources */ = {
			isa = PBXResourcesBuildPhase;
			buildActionMask = 2147483647;
			files = (
				7D46DEF21E78340F00119E7E /* Info.plist in Resources */,
			);
			runOnlyForDeploymentPostprocessing = 0;
		};
		D9BE056A1E12823C00BF44DC /* Resources */ = {
			isa = PBXResourcesBuildPhase;
			buildActionMask = 2147483647;
			files = (
			);
			runOnlyForDeploymentPostprocessing = 0;
		};
/* End PBXResourcesBuildPhase section */

/* Begin PBXShellScriptBuildPhase section */
		121ACD339D74458FD718C627 /* [CP] Embed Pods Frameworks */ = {
			isa = PBXShellScriptBuildPhase;
			buildActionMask = 2147483647;
			files = (
			);
			inputPaths = (
			);
			name = "[CP] Embed Pods Frameworks";
			outputPaths = (
			);
			runOnlyForDeploymentPostprocessing = 0;
			shellPath = /bin/sh;
			shellScript = "\"${SRCROOT}/Pods/Target Support Files/Pods-GoApéroUITests/Pods-GoApéroUITests-frameworks.sh\"\n";
			showEnvVarsInLog = 0;
		};
		283A4BD4F864426408693B9B /* [CP] Check Pods Manifest.lock */ = {
			isa = PBXShellScriptBuildPhase;
			buildActionMask = 2147483647;
			files = (
			);
			inputPaths = (
			);
			name = "[CP] Check Pods Manifest.lock";
			outputPaths = (
			);
			runOnlyForDeploymentPostprocessing = 0;
			shellPath = /bin/sh;
			shellScript = "diff \"${PODS_ROOT}/../Podfile.lock\" \"${PODS_ROOT}/Manifest.lock\" > /dev/null\nif [ $? != 0 ] ; then\n    # print error to STDERR\n    echo \"error: The sandbox is not in sync with the Podfile.lock. Run 'pod install' or update your CocoaPods installation.\" >&2\n    exit 1\nfi\n";
			showEnvVarsInLog = 0;
		};
		4FB6CF8C11413A3B62AED84A /* [CP] Check Pods Manifest.lock */ = {
			isa = PBXShellScriptBuildPhase;
			buildActionMask = 2147483647;
			files = (
			);
			inputPaths = (
			);
			name = "[CP] Check Pods Manifest.lock";
			outputPaths = (
			);
			runOnlyForDeploymentPostprocessing = 0;
			shellPath = /bin/sh;
			shellScript = "diff \"${PODS_ROOT}/../Podfile.lock\" \"${PODS_ROOT}/Manifest.lock\" > /dev/null\nif [ $? != 0 ] ; then\n    # print error to STDERR\n    echo \"error: The sandbox is not in sync with the Podfile.lock. Run 'pod install' or update your CocoaPods installation.\" >&2\n    exit 1\nfi\n";
			showEnvVarsInLog = 0;
		};
		7DB5DFF91E74276000B1A449 /* ShellScript */ = {
			isa = PBXShellScriptBuildPhase;
			buildActionMask = 2147483647;
			files = (
			);
			inputPaths = (
			);
			outputPaths = (
			);
			runOnlyForDeploymentPostprocessing = 0;
			shellPath = /bin/sh;
			shellScript = "\"${PODS_ROOT}/Fabric/run\" 11aeb01850b0d71766e5ee3cb3a2ed64a500eb4e 210194ec83818ca2df8d83fd19d790cf06423d92dcbb39fc606bca563d83b355";
		};
		827708D0DCEF16CC6BA089CB /* [CP] Embed Pods Frameworks */ = {
			isa = PBXShellScriptBuildPhase;
			buildActionMask = 2147483647;
			files = (
			);
			inputPaths = (
			);
			name = "[CP] Embed Pods Frameworks";
			outputPaths = (
			);
			runOnlyForDeploymentPostprocessing = 0;
			shellPath = /bin/sh;
			shellScript = "\"${SRCROOT}/Pods/Target Support Files/Pods-GoApéroTests/Pods-GoApéroTests-frameworks.sh\"\n";
			showEnvVarsInLog = 0;
		};
		8EA4234BB265CCF432211E30 /* [CP] Copy Pods Resources */ = {
			isa = PBXShellScriptBuildPhase;
			buildActionMask = 2147483647;
			files = (
			);
			inputPaths = (
			);
			name = "[CP] Copy Pods Resources";
			outputPaths = (
			);
			runOnlyForDeploymentPostprocessing = 0;
			shellPath = /bin/sh;
			shellScript = "\"${SRCROOT}/Pods/Target Support Files/Pods-GoApéroTests/Pods-GoApéroTests-resources.sh\"\n";
			showEnvVarsInLog = 0;
		};
		B8ACE70D15879998C06CCDC7 /* [CP] Copy Pods Resources */ = {
			isa = PBXShellScriptBuildPhase;
			buildActionMask = 2147483647;
			files = (
			);
			inputPaths = (
			);
			name = "[CP] Copy Pods Resources";
			outputPaths = (
			);
			runOnlyForDeploymentPostprocessing = 0;
			shellPath = /bin/sh;
			shellScript = "\"${SRCROOT}/Pods/Target Support Files/Pods-GoApéroUITests/Pods-GoApéroUITests-resources.sh\"\n";
			showEnvVarsInLog = 0;
		};
		C938B9D7274B15B5FAAB606D /* [CP] Copy Pods Resources */ = {
			isa = PBXShellScriptBuildPhase;
			buildActionMask = 2147483647;
			files = (
			);
			inputPaths = (
			);
			name = "[CP] Copy Pods Resources";
			outputPaths = (
			);
			runOnlyForDeploymentPostprocessing = 0;
			shellPath = /bin/sh;
			shellScript = "\"${SRCROOT}/Pods/Target Support Files/Pods-GoApéro/Pods-GoApéro-resources.sh\"\n";
			showEnvVarsInLog = 0;
		};
		D3D29FBB5AAD165B0E09E5D2 /* [CP] Embed Pods Frameworks */ = {
			isa = PBXShellScriptBuildPhase;
			buildActionMask = 2147483647;
			files = (
			);
			inputPaths = (
			);
			name = "[CP] Embed Pods Frameworks";
			outputPaths = (
			);
			runOnlyForDeploymentPostprocessing = 0;
			shellPath = /bin/sh;
			shellScript = "\"${SRCROOT}/Pods/Target Support Files/Pods-GoApéro/Pods-GoApéro-frameworks.sh\"\n";
			showEnvVarsInLog = 0;
		};
		E84F3AF5EB481BC7A80BEFDB /* [CP] Check Pods Manifest.lock */ = {
			isa = PBXShellScriptBuildPhase;
			buildActionMask = 2147483647;
			files = (
			);
			inputPaths = (
			);
			name = "[CP] Check Pods Manifest.lock";
			outputPaths = (
			);
			runOnlyForDeploymentPostprocessing = 0;
			shellPath = /bin/sh;
			shellScript = "diff \"${PODS_ROOT}/../Podfile.lock\" \"${PODS_ROOT}/Manifest.lock\" > /dev/null\nif [ $? != 0 ] ; then\n    # print error to STDERR\n    echo \"error: The sandbox is not in sync with the Podfile.lock. Run 'pod install' or update your CocoaPods installation.\" >&2\n    exit 1\nfi\n";
			showEnvVarsInLog = 0;
		};
/* End PBXShellScriptBuildPhase section */

/* Begin PBXSourcesBuildPhase section */
		D9BE05491E12823C00BF44DC /* Sources */ = {
			isa = PBXSourcesBuildPhase;
			buildActionMask = 2147483647;
			files = (
				D9A898281E3AB24D00EB03AF /* AppDelegate.swift in Sources */,
				D9BE05531E12823C00BF44DC /* ViewController.swift in Sources */,
			);
			runOnlyForDeploymentPostprocessing = 0;
		};
		D9BE055D1E12823C00BF44DC /* Sources */ = {
			isa = PBXSourcesBuildPhase;
			buildActionMask = 2147483647;
			files = (
				D9A898291E3AB24F00EB03AF /* AppDelegate.swift in Sources */,
				D9BE05661E12823C00BF44DC /* GoApe_roTests.swift in Sources */,
			);
			runOnlyForDeploymentPostprocessing = 0;
		};
		D9BE05681E12823C00BF44DC /* Sources */ = {
			isa = PBXSourcesBuildPhase;
			buildActionMask = 2147483647;
			files = (
				D9A8982A1E3AB25000EB03AF /* AppDelegate.swift in Sources */,
				D9BE05711E12823C00BF44DC /* GoApe_roUITests.swift in Sources */,
			);
			runOnlyForDeploymentPostprocessing = 0;
		};
/* End PBXSourcesBuildPhase section */

/* Begin PBXTargetDependency section */
		D9BE05631E12823C00BF44DC /* PBXTargetDependency */ = {
			isa = PBXTargetDependency;
			target = D9BE054C1E12823C00BF44DC /* GoApéro */;
			targetProxy = D9BE05621E12823C00BF44DC /* PBXContainerItemProxy */;
		};
		D9BE056E1E12823C00BF44DC /* PBXTargetDependency */ = {
			isa = PBXTargetDependency;
			target = D9BE054C1E12823C00BF44DC /* GoApéro */;
			targetProxy = D9BE056D1E12823C00BF44DC /* PBXContainerItemProxy */;
		};
/* End PBXTargetDependency section */

/* Begin PBXVariantGroup section */
		D9BE05541E12823C00BF44DC /* Main.storyboard */ = {
			isa = PBXVariantGroup;
			children = (
				D9BE05551E12823C00BF44DC /* Base */,
			);
			name = Main.storyboard;
			sourceTree = "<group>";
		};
		D9BE05591E12823C00BF44DC /* LaunchScreen.storyboard */ = {
			isa = PBXVariantGroup;
			children = (
				D9BE055A1E12823C00BF44DC /* Base */,
			);
			name = LaunchScreen.storyboard;
			sourceTree = "<group>";
		};
/* End PBXVariantGroup section */

/* Begin XCBuildConfiguration section */
		D9BE05731E12823C00BF44DC /* Debug */ = {
			isa = XCBuildConfiguration;
			buildSettings = {
				ALWAYS_SEARCH_USER_PATHS = NO;
				CLANG_ANALYZER_NONNULL = YES;
				CLANG_CXX_LANGUAGE_STANDARD = "gnu++0x";
				CLANG_CXX_LIBRARY = "libc++";
				CLANG_ENABLE_MODULES = YES;
				CLANG_ENABLE_OBJC_ARC = YES;
				CLANG_WARN_BOOL_CONVERSION = YES;
				CLANG_WARN_CONSTANT_CONVERSION = YES;
				CLANG_WARN_DIRECT_OBJC_ISA_USAGE = YES_ERROR;
				CLANG_WARN_DOCUMENTATION_COMMENTS = YES;
				CLANG_WARN_EMPTY_BODY = YES;
				CLANG_WARN_ENUM_CONVERSION = YES;
				CLANG_WARN_INFINITE_RECURSION = YES;
				CLANG_WARN_INT_CONVERSION = YES;
				CLANG_WARN_OBJC_ROOT_CLASS = YES_ERROR;
				CLANG_WARN_SUSPICIOUS_MOVE = YES;
				CLANG_WARN_UNREACHABLE_CODE = YES;
				CLANG_WARN__DUPLICATE_METHOD_MATCH = YES;
				"CODE_SIGN_IDENTITY[sdk=iphoneos*]" = "iPhone Developer";
				COPY_PHASE_STRIP = NO;
				DEBUG_INFORMATION_FORMAT = dwarf;
				ENABLE_STRICT_OBJC_MSGSEND = YES;
				ENABLE_TESTABILITY = YES;
				GCC_C_LANGUAGE_STANDARD = gnu99;
				GCC_DYNAMIC_NO_PIC = NO;
				GCC_NO_COMMON_BLOCKS = YES;
				GCC_OPTIMIZATION_LEVEL = 0;
				GCC_PREPROCESSOR_DEFINITIONS = (
					"DEBUG=1",
					"$(inherited)",
				);
				GCC_WARN_64_TO_32_BIT_CONVERSION = YES;
				GCC_WARN_ABOUT_RETURN_TYPE = YES_ERROR;
				GCC_WARN_UNDECLARED_SELECTOR = YES;
				GCC_WARN_UNINITIALIZED_AUTOS = YES_AGGRESSIVE;
				GCC_WARN_UNUSED_FUNCTION = YES;
				GCC_WARN_UNUSED_VARIABLE = YES;
				IPHONEOS_DEPLOYMENT_TARGET = 10.2;
				MTL_ENABLE_DEBUG_INFO = YES;
				ONLY_ACTIVE_ARCH = YES;
				SDKROOT = iphoneos;
				SWIFT_ACTIVE_COMPILATION_CONDITIONS = DEBUG;
				SWIFT_OPTIMIZATION_LEVEL = "-Onone";
				TARGETED_DEVICE_FAMILY = "1,2";
			};
			name = Debug;
		};
		D9BE05741E12823C00BF44DC /* Release */ = {
			isa = XCBuildConfiguration;
			buildSettings = {
				ALWAYS_SEARCH_USER_PATHS = NO;
				CLANG_ANALYZER_NONNULL = YES;
				CLANG_CXX_LANGUAGE_STANDARD = "gnu++0x";
				CLANG_CXX_LIBRARY = "libc++";
				CLANG_ENABLE_MODULES = YES;
				CLANG_ENABLE_OBJC_ARC = YES;
				CLANG_WARN_BOOL_CONVERSION = YES;
				CLANG_WARN_CONSTANT_CONVERSION = YES;
				CLANG_WARN_DIRECT_OBJC_ISA_USAGE = YES_ERROR;
				CLANG_WARN_DOCUMENTATION_COMMENTS = YES;
				CLANG_WARN_EMPTY_BODY = YES;
				CLANG_WARN_ENUM_CONVERSION = YES;
				CLANG_WARN_INFINITE_RECURSION = YES;
				CLANG_WARN_INT_CONVERSION = YES;
				CLANG_WARN_OBJC_ROOT_CLASS = YES_ERROR;
				CLANG_WARN_SUSPICIOUS_MOVE = YES;
				CLANG_WARN_UNREACHABLE_CODE = YES;
				CLANG_WARN__DUPLICATE_METHOD_MATCH = YES;
				"CODE_SIGN_IDENTITY[sdk=iphoneos*]" = "iPhone Developer";
				COPY_PHASE_STRIP = NO;
				DEBUG_INFORMATION_FORMAT = "dwarf-with-dsym";
				ENABLE_NS_ASSERTIONS = NO;
				ENABLE_STRICT_OBJC_MSGSEND = YES;
				GCC_C_LANGUAGE_STANDARD = gnu99;
				GCC_NO_COMMON_BLOCKS = YES;
				GCC_WARN_64_TO_32_BIT_CONVERSION = YES;
				GCC_WARN_ABOUT_RETURN_TYPE = YES_ERROR;
				GCC_WARN_UNDECLARED_SELECTOR = YES;
				GCC_WARN_UNINITIALIZED_AUTOS = YES_AGGRESSIVE;
				GCC_WARN_UNUSED_FUNCTION = YES;
				GCC_WARN_UNUSED_VARIABLE = YES;
				IPHONEOS_DEPLOYMENT_TARGET = 10.2;
				MTL_ENABLE_DEBUG_INFO = NO;
				SDKROOT = iphoneos;
				SWIFT_OPTIMIZATION_LEVEL = "-Owholemodule";
				TARGETED_DEVICE_FAMILY = "1,2";
				VALIDATE_PRODUCT = YES;
			};
			name = Release;
		};
		D9BE05761E12823C00BF44DC /* Debug */ = {
			isa = XCBuildConfiguration;
			baseConfigurationReference = 51C7D92AECDDE58DC69AA414 /* Pods-GoApéro.debug.xcconfig */;
			buildSettings = {
				ASSETCATALOG_COMPILER_APPICON_NAME = AppIcon;
				DEVELOPMENT_TEAM = TQ4QLT966J;
				INFOPLIST_FILE = "GoApéro/Info.plist";
				LD_RUNPATH_SEARCH_PATHS = "$(inherited) @executable_path/Frameworks";
				PRODUCT_BUNDLE_IDENTIFIER = "mehdy.GoApe-ro";
				PRODUCT_NAME = "$(TARGET_NAME)";
				SWIFT_VERSION = 3.0;
				TARGETED_DEVICE_FAMILY = 1;
			};
			name = Debug;
		};
		D9BE05771E12823C00BF44DC /* Release */ = {
			isa = XCBuildConfiguration;
			baseConfigurationReference = 2EFFF7EE1C4C17DF6B8A0BDF /* Pods-GoApéro.release.xcconfig */;
			buildSettings = {
				ASSETCATALOG_COMPILER_APPICON_NAME = AppIcon;
				DEVELOPMENT_TEAM = TQ4QLT966J;
				INFOPLIST_FILE = "GoApéro/Info.plist";
				LD_RUNPATH_SEARCH_PATHS = "$(inherited) @executable_path/Frameworks";
				PRODUCT_BUNDLE_IDENTIFIER = "mehdy.GoApe-ro";
				PRODUCT_NAME = "$(TARGET_NAME)";
				SWIFT_VERSION = 3.0;
				TARGETED_DEVICE_FAMILY = 1;
			};
			name = Release;
		};
		D9BE05791E12823C00BF44DC /* Debug */ = {
			isa = XCBuildConfiguration;
			baseConfigurationReference = 555334298B68DB109B663E26 /* Pods-GoApéroTests.debug.xcconfig */;
			buildSettings = {
				ALWAYS_EMBED_SWIFT_STANDARD_LIBRARIES = YES;
				BUNDLE_LOADER = "$(TEST_HOST)";
				INFOPLIST_FILE = "GoApéroTests/Info.plist";
				LD_RUNPATH_SEARCH_PATHS = "$(inherited) @executable_path/Frameworks @loader_path/Frameworks";
				PRODUCT_BUNDLE_IDENTIFIER = "mehdy.GoApe-roTests";
				PRODUCT_NAME = "$(TARGET_NAME)";
				SWIFT_VERSION = 3.0;
				TEST_HOST = "$(BUILT_PRODUCTS_DIR)/GoApéro.app/GoApéro";
			};
			name = Debug;
		};
		D9BE057A1E12823C00BF44DC /* Release */ = {
			isa = XCBuildConfiguration;
			baseConfigurationReference = 29B7226E30D8EF1E9247D77D /* Pods-GoApéroTests.release.xcconfig */;
			buildSettings = {
				ALWAYS_EMBED_SWIFT_STANDARD_LIBRARIES = YES;
				BUNDLE_LOADER = "$(TEST_HOST)";
				INFOPLIST_FILE = "GoApéroTests/Info.plist";
				LD_RUNPATH_SEARCH_PATHS = "$(inherited) @executable_path/Frameworks @loader_path/Frameworks";
				PRODUCT_BUNDLE_IDENTIFIER = "mehdy.GoApe-roTests";
				PRODUCT_NAME = "$(TARGET_NAME)";
				SWIFT_VERSION = 3.0;
				TEST_HOST = "$(BUILT_PRODUCTS_DIR)/GoApéro.app/GoApéro";
			};
			name = Release;
		};
		D9BE057C1E12823C00BF44DC /* Debug */ = {
			isa = XCBuildConfiguration;
			baseConfigurationReference = 2468336B4499537C1D40D3B3 /* Pods-GoApéroUITests.debug.xcconfig */;
			buildSettings = {
				ALWAYS_EMBED_SWIFT_STANDARD_LIBRARIES = YES;
				INFOPLIST_FILE = "GoApéroUITests/Info.plist";
				LD_RUNPATH_SEARCH_PATHS = "$(inherited) @executable_path/Frameworks @loader_path/Frameworks";
				PRODUCT_BUNDLE_IDENTIFIER = "mehdy.GoApe-roUITests";
				PRODUCT_NAME = "$(TARGET_NAME)";
				SWIFT_VERSION = 3.0;
				TEST_TARGET_NAME = "GoApéro";
			};
			name = Debug;
		};
		D9BE057D1E12823C00BF44DC /* Release */ = {
			isa = XCBuildConfiguration;
			baseConfigurationReference = DF0CC6F1EEEFE712478610C6 /* Pods-GoApéroUITests.release.xcconfig */;
			buildSettings = {
				ALWAYS_EMBED_SWIFT_STANDARD_LIBRARIES = YES;
				INFOPLIST_FILE = "GoApéroUITests/Info.plist";
				LD_RUNPATH_SEARCH_PATHS = "$(inherited) @executable_path/Frameworks @loader_path/Frameworks";
				PRODUCT_BUNDLE_IDENTIFIER = "mehdy.GoApe-roUITests";
				PRODUCT_NAME = "$(TARGET_NAME)";
				SWIFT_VERSION = 3.0;
				TEST_TARGET_NAME = "GoApéro";
			};
			name = Release;
		};
/* End XCBuildConfiguration section */

/* Begin XCConfigurationList section */
		D9BE05481E12823C00BF44DC /* Build configuration list for PBXProject "GoApéro" */ = {
			isa = XCConfigurationList;
			buildConfigurations = (
				D9BE05731E12823C00BF44DC /* Debug */,
				D9BE05741E12823C00BF44DC /* Release */,
			);
			defaultConfigurationIsVisible = 0;
			defaultConfigurationName = Release;
		};
		D9BE05751E12823C00BF44DC /* Build configuration list for PBXNativeTarget "GoApéro" */ = {
			isa = XCConfigurationList;
			buildConfigurations = (
				D9BE05761E12823C00BF44DC /* Debug */,
				D9BE05771E12823C00BF44DC /* Release */,
			);
			defaultConfigurationIsVisible = 0;
			defaultConfigurationName = Release;
		};
		D9BE05781E12823C00BF44DC /* Build configuration list for PBXNativeTarget "GoApéroTests" */ = {
			isa = XCConfigurationList;
			buildConfigurations = (
				D9BE05791E12823C00BF44DC /* Debug */,
				D9BE057A1E12823C00BF44DC /* Release */,
			);
			defaultConfigurationIsVisible = 0;
			defaultConfigurationName = Release;
		};
		D9BE057B1E12823C00BF44DC /* Build configuration list for PBXNativeTarget "GoApéroUITests" */ = {
			isa = XCConfigurationList;
			buildConfigurations = (
				D9BE057C1E12823C00BF44DC /* Debug */,
				D9BE057D1E12823C00BF44DC /* Release */,
			);
			defaultConfigurationIsVisible = 0;
			defaultConfigurationName = Release;
		};
/* End XCConfigurationList section */
	};
	rootObject = D9BE05451E12823C00BF44DC /* Project object */;
}
